
Microsoft Visual Studio Solution File, Format Version 12.00
# Visual Studio Version 16
VisualStudioVersion = 16.0.31112.23
MinimumVisualStudioVersion = 10.0.40219.1
Project("{FAE04EC0-301F-11D3-BF4B-00C04F79EFBC}") = "1PasswordReset", "1PasswordReset\1PasswordReset.csproj", "{CFF539BB-3C6B-493B-B514-1F536E36D93D}"
EndProject
Project("{FAE04EC0-301F-11D3-BF4B-00C04F79EFBC}") = "2FancyBarcodes", "2FancyBarcodes\2FancyBarcodes.csproj", "{9F6EDED2-3F24-4636-A7C6-C6DA2DA1004D}"
EndProject
Project("{FAE04EC0-301F-11D3-BF4B-00C04F79EFBC}") = "3HeroesOfCodeAndLogic", "3HeroesOfCodeAndLogic\3HeroesOfCodeAndLogic.csproj", "{AD55A02A-7BFD-4AE8-A5DD-EDBE8F29BE56}"
EndProject
Global
	GlobalSection(SolutionConfigurationPlatforms) = preSolution
		Debug|Any CPU = Debug|Any CPU
		Release|Any CPU = Release|Any CPU
	EndGlobalSection
	GlobalSection(ProjectConfigurationPlatforms) = postSolution
		{CFF539BB-3C6B-493B-B514-1F536E36D93D}.Debug|Any CPU.ActiveCfg = Debug|Any CPU
		{CFF539BB-3C6B-493B-B514-1F536E36D93D}.Debug|Any CPU.Build.0 = Debug|Any CPU
		{CFF539BB-3C6B-493B-B514-1F536E36D93D}.Release|Any CPU.ActiveCfg = Release|Any CPU
		{CFF539BB-3C6B-493B-B514-1F536E36D93D}.Release|Any CPU.Build.0 = Release|Any CPU
		{9F6EDED2-3F24-4636-A7C6-C6DA2DA1004D}.Debug|Any CPU.ActiveCfg = Debug|Any CPU
		{9F6EDED2-3F24-4636-A7C6-C6DA2DA1004D}.Debug|Any CPU.Build.0 = Debug|Any CPU
		{9F6EDED2-3F24-4636-A7C6-C6DA2DA1004D}.Release|Any CPU.ActiveCfg = Release|Any CPU
		{9F6EDED2-3F24-4636-A7C6-C6DA2DA1004D}.Release|Any CPU.Build.0 = Release|Any CPU
		{AD55A02A-7BFD-4AE8-A5DD-EDBE8F29BE56}.Debug|Any CPU.ActiveCfg = Debug|Any CPU
		{AD55A02A-7BFD-4AE8-A5DD-EDBE8F29BE56}.Debug|Any CPU.Build.0 = Debug|Any CPU
		{AD55A02A-7BFD-4AE8-A5DD-EDBE8F29BE56}.Release|Any CPU.ActiveCfg = Release|Any CPU
		{AD55A02A-7BFD-4AE8-A5DD-EDBE8F29BE56}.Release|Any CPU.Build.0 = Release|Any CPU
	EndGlobalSection
	GlobalSection(SolutionProperties) = preSolution
		HideSolutionNode = FALSE
	EndGlobalSection
	GlobalSection(ExtensibilityGlobals) = postSolution
		SolutionGuid = {A3741C49-6BCE-4CFA-9FC6-F1DE5554C128}
	EndGlobalSection
EndGlobal
