
Microsoft Visual Studio Solution File, Format Version 12.00
# Visual Studio Version 16
VisualStudioVersion = 16.0.31424.327
MinimumVisualStudioVersion = 10.0.40219.1
Project("{9A19103F-16F7-4668-BE54-9A1E7A4F7556}") = "1ClassBoxData", "1ClassBoxData\1ClassBoxData.csproj", "{24859AF4-43EC-4868-BCC2-2DF1EF720BD0}"
EndProject
Project("{9A19103F-16F7-4668-BE54-9A1E7A4F7556}") = "AnimalFarm", "AnimalFarm\AnimalFarm\AnimalFarm.csproj", "{0A967E59-B70B-4A96-99C9-A446565BA569}"
EndProject
Project("{FAE04EC0-301F-11D3-BF4B-00C04F79EFBC}") = "3ShoppingSpree", "3ShoppingSpree\3ShoppingSpree.csproj", "{C16C7F65-5674-4AB7-8DC6-89A1BAFC0D51}"
EndProject
Project("{FAE04EC0-301F-11D3-BF4B-00C04F79EFBC}") = "5FootballTeamGenerator", "5FootballTeamGenerator\5FootballTeamGenerator.csproj", "{17B22F0B-FE47-45EE-B79C-E0BBFDC9A220}"
EndProject
Project("{FAE04EC0-301F-11D3-BF4B-00C04F79EFBC}") = "4PizzaCalories", "4PizzaCalories\4PizzaCalories.csproj", "{5B92F1AF-9F79-416A-B32A-C27A1FE3F2FC}"
EndProject
Global
	GlobalSection(SolutionConfigurationPlatforms) = preSolution
		Debug|Any CPU = Debug|Any CPU
		Release|Any CPU = Release|Any CPU
	EndGlobalSection
	GlobalSection(ProjectConfigurationPlatforms) = postSolution
		{24859AF4-43EC-4868-BCC2-2DF1EF720BD0}.Debug|Any CPU.ActiveCfg = Debug|Any CPU
		{24859AF4-43EC-4868-BCC2-2DF1EF720BD0}.Debug|Any CPU.Build.0 = Debug|Any CPU
		{24859AF4-43EC-4868-BCC2-2DF1EF720BD0}.Release|Any CPU.ActiveCfg = Release|Any CPU
		{24859AF4-43EC-4868-BCC2-2DF1EF720BD0}.Release|Any CPU.Build.0 = Release|Any CPU
		{0A967E59-B70B-4A96-99C9-A446565BA569}.Debug|Any CPU.ActiveCfg = Debug|Any CPU
		{0A967E59-B70B-4A96-99C9-A446565BA569}.Debug|Any CPU.Build.0 = Debug|Any CPU
		{0A967E59-B70B-4A96-99C9-A446565BA569}.Release|Any CPU.ActiveCfg = Release|Any CPU
		{0A967E59-B70B-4A96-99C9-A446565BA569}.Release|Any CPU.Build.0 = Release|Any CPU
		{C16C7F65-5674-4AB7-8DC6-89A1BAFC0D51}.Debug|Any CPU.ActiveCfg = Debug|Any CPU
		{C16C7F65-5674-4AB7-8DC6-89A1BAFC0D51}.Debug|Any CPU.Build.0 = Debug|Any CPU
		{C16C7F65-5674-4AB7-8DC6-89A1BAFC0D51}.Release|Any CPU.ActiveCfg = Release|Any CPU
		{C16C7F65-5674-4AB7-8DC6-89A1BAFC0D51}.Release|Any CPU.Build.0 = Release|Any CPU
		{17B22F0B-FE47-45EE-B79C-E0BBFDC9A220}.Debug|Any CPU.ActiveCfg = Debug|Any CPU
		{17B22F0B-FE47-45EE-B79C-E0BBFDC9A220}.Debug|Any CPU.Build.0 = Debug|Any CPU
		{17B22F0B-FE47-45EE-B79C-E0BBFDC9A220}.Release|Any CPU.ActiveCfg = Release|Any CPU
		{17B22F0B-FE47-45EE-B79C-E0BBFDC9A220}.Release|Any CPU.Build.0 = Release|Any CPU
		{5B92F1AF-9F79-416A-B32A-C27A1FE3F2FC}.Debug|Any CPU.ActiveCfg = Debug|Any CPU
		{5B92F1AF-9F79-416A-B32A-C27A1FE3F2FC}.Debug|Any CPU.Build.0 = Debug|Any CPU
		{5B92F1AF-9F79-416A-B32A-C27A1FE3F2FC}.Release|Any CPU.ActiveCfg = Release|Any CPU
		{5B92F1AF-9F79-416A-B32A-C27A1FE3F2FC}.Release|Any CPU.Build.0 = Release|Any CPU
	EndGlobalSection
	GlobalSection(SolutionProperties) = preSolution
		HideSolutionNode = FALSE
	EndGlobalSection
	GlobalSection(ExtensibilityGlobals) = postSolution
		SolutionGuid = {15988D03-21A7-4492-B05A-C1DECA2EAE82}
	EndGlobalSection
EndGlobal
