
Microsoft Visual Studio Solution File, Format Version 12.00
# Visual Studio Version 16
VisualStudioVersion = 16.0.31402.337
MinimumVisualStudioVersion = 10.0.40219.1
Project("{FAE04EC0-301F-11D3-BF4B-00C04F79EFBC}") = "CustomLinkedList", "CustomLinkedList\CustomLinkedList.csproj", "{49AA6E34-999A-41D9-A439-900DC8CEF0F3}"
EndProject
Global
	GlobalSection(SolutionConfigurationPlatforms) = preSolution
		Debug|Any CPU = Debug|Any CPU
		Release|Any CPU = Release|Any CPU
	EndGlobalSection
	GlobalSection(ProjectConfigurationPlatforms) = postSolution
		{49AA6E34-999A-41D9-A439-900DC8CEF0F3}.Debug|Any CPU.ActiveCfg = Debug|Any CPU
		{49AA6E34-999A-41D9-A439-900DC8CEF0F3}.Debug|Any CPU.Build.0 = Debug|Any CPU
		{49AA6E34-999A-41D9-A439-900DC8CEF0F3}.Release|Any CPU.ActiveCfg = Release|Any CPU
		{49AA6E34-999A-41D9-A439-900DC8CEF0F3}.Release|Any CPU.Build.0 = Release|Any CPU
	EndGlobalSection
	GlobalSection(SolutionProperties) = preSolution
		HideSolutionNode = FALSE
	EndGlobalSection
	GlobalSection(ExtensibilityGlobals) = postSolution
		SolutionGuid = {4C911B77-36E1-4438-8B18-56614BB5CE43}
	EndGlobalSection
EndGlobal
