
Microsoft Visual Studio Solution File, Format Version 12.00
# Visual Studio Version 16
VisualStudioVersion = 16.0.31321.278
MinimumVisualStudioVersion = 10.0.40219.1
Project("{9A19103F-16F7-4668-BE54-9A1E7A4F7556}") = "1DefineaClassPerson", "1DefineaClassPerson\1DefineaClassPerson.csproj", "{817A2DB4-1207-49EC-A1BB-FB77ECB45EC0}"
EndProject
Project("{9A19103F-16F7-4668-BE54-9A1E7A4F7556}") = "1a", "1a\1a.csproj", "{33D702AA-6FB7-4824-936A-93A6E281A23A}"
EndProject
Project("{9A19103F-16F7-4668-BE54-9A1E7A4F7556}") = "2CreatingConstructors", "2CreatingConstructors\2CreatingConstructors.csproj", "{87CE8A40-A971-4DC5-959E-92986E5E5510}"
EndProject
Project("{9A19103F-16F7-4668-BE54-9A1E7A4F7556}") = "3OldestFamilyMember", "3OldestFamilyMember\3OldestFamilyMember.csproj", "{E527968A-DAEE-4136-AA79-5AA8D4519977}"
EndProject
Project("{9A19103F-16F7-4668-BE54-9A1E7A4F7556}") = "4OpinionPoll", "4OpinionPoll\4OpinionPoll.csproj", "{A9D57CA7-269C-40DC-8B7F-9C51A184E520}"
EndProject
Project("{9A19103F-16F7-4668-BE54-9A1E7A4F7556}") = "5DateModifier", "5DateModifier\5DateModifier.csproj", "{73168777-9198-433F-8EAE-BAA5C4252B31}"
EndProject
Project("{9A19103F-16F7-4668-BE54-9A1E7A4F7556}") = "6SpeedRacing", "6SpeedRacing\6SpeedRacing.csproj", "{91A9E687-F4A1-4721-A77C-86EA8561892D}"
EndProject
Project("{FAE04EC0-301F-11D3-BF4B-00C04F79EFBC}") = "7RawData", "7RawData\7RawData.csproj", "{CD09A06C-6496-4235-A622-9B2C6B00732E}"
EndProject
Project("{FAE04EC0-301F-11D3-BF4B-00C04F79EFBC}") = "8CarSalesman", "8CarSalesman\8CarSalesman.csproj", "{19A71307-8313-4DC3-B93E-AB745371151D}"
EndProject
Global
	GlobalSection(SolutionConfigurationPlatforms) = preSolution
		Debug|Any CPU = Debug|Any CPU
		Release|Any CPU = Release|Any CPU
	EndGlobalSection
	GlobalSection(ProjectConfigurationPlatforms) = postSolution
		{817A2DB4-1207-49EC-A1BB-FB77ECB45EC0}.Debug|Any CPU.ActiveCfg = Debug|Any CPU
		{817A2DB4-1207-49EC-A1BB-FB77ECB45EC0}.Debug|Any CPU.Build.0 = Debug|Any CPU
		{817A2DB4-1207-49EC-A1BB-FB77ECB45EC0}.Release|Any CPU.ActiveCfg = Release|Any CPU
		{817A2DB4-1207-49EC-A1BB-FB77ECB45EC0}.Release|Any CPU.Build.0 = Release|Any CPU
		{33D702AA-6FB7-4824-936A-93A6E281A23A}.Debug|Any CPU.ActiveCfg = Debug|Any CPU
		{33D702AA-6FB7-4824-936A-93A6E281A23A}.Debug|Any CPU.Build.0 = Debug|Any CPU
		{33D702AA-6FB7-4824-936A-93A6E281A23A}.Release|Any CPU.ActiveCfg = Release|Any CPU
		{33D702AA-6FB7-4824-936A-93A6E281A23A}.Release|Any CPU.Build.0 = Release|Any CPU
		{87CE8A40-A971-4DC5-959E-92986E5E5510}.Debug|Any CPU.ActiveCfg = Debug|Any CPU
		{87CE8A40-A971-4DC5-959E-92986E5E5510}.Debug|Any CPU.Build.0 = Debug|Any CPU
		{87CE8A40-A971-4DC5-959E-92986E5E5510}.Release|Any CPU.ActiveCfg = Release|Any CPU
		{87CE8A40-A971-4DC5-959E-92986E5E5510}.Release|Any CPU.Build.0 = Release|Any CPU
		{E527968A-DAEE-4136-AA79-5AA8D4519977}.Debug|Any CPU.ActiveCfg = Debug|Any CPU
		{E527968A-DAEE-4136-AA79-5AA8D4519977}.Debug|Any CPU.Build.0 = Debug|Any CPU
		{E527968A-DAEE-4136-AA79-5AA8D4519977}.Release|Any CPU.ActiveCfg = Release|Any CPU
		{E527968A-DAEE-4136-AA79-5AA8D4519977}.Release|Any CPU.Build.0 = Release|Any CPU
		{A9D57CA7-269C-40DC-8B7F-9C51A184E520}.Debug|Any CPU.ActiveCfg = Debug|Any CPU
		{A9D57CA7-269C-40DC-8B7F-9C51A184E520}.Debug|Any CPU.Build.0 = Debug|Any CPU
		{A9D57CA7-269C-40DC-8B7F-9C51A184E520}.Release|Any CPU.ActiveCfg = Release|Any CPU
		{A9D57CA7-269C-40DC-8B7F-9C51A184E520}.Release|Any CPU.Build.0 = Release|Any CPU
		{73168777-9198-433F-8EAE-BAA5C4252B31}.Debug|Any CPU.ActiveCfg = Debug|Any CPU
		{73168777-9198-433F-8EAE-BAA5C4252B31}.Debug|Any CPU.Build.0 = Debug|Any CPU
		{73168777-9198-433F-8EAE-BAA5C4252B31}.Release|Any CPU.ActiveCfg = Release|Any CPU
		{73168777-9198-433F-8EAE-BAA5C4252B31}.Release|Any CPU.Build.0 = Release|Any CPU
		{91A9E687-F4A1-4721-A77C-86EA8561892D}.Debug|Any CPU.ActiveCfg = Debug|Any CPU
		{91A9E687-F4A1-4721-A77C-86EA8561892D}.Debug|Any CPU.Build.0 = Debug|Any CPU
		{91A9E687-F4A1-4721-A77C-86EA8561892D}.Release|Any CPU.ActiveCfg = Release|Any CPU
		{91A9E687-F4A1-4721-A77C-86EA8561892D}.Release|Any CPU.Build.0 = Release|Any CPU
		{CD09A06C-6496-4235-A622-9B2C6B00732E}.Debug|Any CPU.ActiveCfg = Debug|Any CPU
		{CD09A06C-6496-4235-A622-9B2C6B00732E}.Debug|Any CPU.Build.0 = Debug|Any CPU
		{CD09A06C-6496-4235-A622-9B2C6B00732E}.Release|Any CPU.ActiveCfg = Release|Any CPU
		{CD09A06C-6496-4235-A622-9B2C6B00732E}.Release|Any CPU.Build.0 = Release|Any CPU
		{19A71307-8313-4DC3-B93E-AB745371151D}.Debug|Any CPU.ActiveCfg = Debug|Any CPU
		{19A71307-8313-4DC3-B93E-AB745371151D}.Debug|Any CPU.Build.0 = Debug|Any CPU
		{19A71307-8313-4DC3-B93E-AB745371151D}.Release|Any CPU.ActiveCfg = Release|Any CPU
		{19A71307-8313-4DC3-B93E-AB745371151D}.Release|Any CPU.Build.0 = Release|Any CPU
	EndGlobalSection
	GlobalSection(SolutionProperties) = preSolution
		HideSolutionNode = FALSE
	EndGlobalSection
	GlobalSection(ExtensibilityGlobals) = postSolution
		SolutionGuid = {1AF9EB9A-4EA3-4F9B-BC4D-BBC3505427FE}
	EndGlobalSection
EndGlobal
