
Microsoft Visual Studio Solution File, Format Version 12.00
# Visual Studio Version 16
VisualStudioVersion = 16.0.31410.357
MinimumVisualStudioVersion = 10.0.40219.1
Project("{FAE04EC0-301F-11D3-BF4B-00C04F79EFBC}") = "1TheFightForGondor", "1TheFightForGondor\1TheFightForGondor.csproj", "{B726506E-DC4B-4856-BD6A-A1B5CB177C84}"
EndProject
Project("{FAE04EC0-301F-11D3-BF4B-00C04F79EFBC}") = "1aGondor", "1aGondor\1aGondor.csproj", "{2C1A1633-2846-453E-AA2B-EC1871D013F8}"
EndProject
Project("{FAE04EC0-301F-11D3-BF4B-00C04F79EFBC}") = "2Warships", "2Warships\2Warships.csproj", "{FF17A02C-3FE7-4083-99DA-E06F5C19248B}"
EndProject
Project("{FAE04EC0-301F-11D3-BF4B-00C04F79EFBC}") = "2aWarships", "2aWarships\2aWarships.csproj", "{E342EF44-2789-490D-92F7-8DC00AF63585}"
EndProject
Project("{9A19103F-16F7-4668-BE54-9A1E7A4F7556}") = "TheRace", "The Race - skeleton\TheRace.csproj", "{6B05DBD2-8EC2-45DB-B6F0-DA13069418B9}"
EndProject
Global
	GlobalSection(SolutionConfigurationPlatforms) = preSolution
		Debug|Any CPU = Debug|Any CPU
		Release|Any CPU = Release|Any CPU
	EndGlobalSection
	GlobalSection(ProjectConfigurationPlatforms) = postSolution
		{B726506E-DC4B-4856-BD6A-A1B5CB177C84}.Debug|Any CPU.ActiveCfg = Debug|Any CPU
		{B726506E-DC4B-4856-BD6A-A1B5CB177C84}.Debug|Any CPU.Build.0 = Debug|Any CPU
		{B726506E-DC4B-4856-BD6A-A1B5CB177C84}.Release|Any CPU.ActiveCfg = Release|Any CPU
		{B726506E-DC4B-4856-BD6A-A1B5CB177C84}.Release|Any CPU.Build.0 = Release|Any CPU
		{2C1A1633-2846-453E-AA2B-EC1871D013F8}.Debug|Any CPU.ActiveCfg = Debug|Any CPU
		{2C1A1633-2846-453E-AA2B-EC1871D013F8}.Debug|Any CPU.Build.0 = Debug|Any CPU
		{2C1A1633-2846-453E-AA2B-EC1871D013F8}.Release|Any CPU.ActiveCfg = Release|Any CPU
		{2C1A1633-2846-453E-AA2B-EC1871D013F8}.Release|Any CPU.Build.0 = Release|Any CPU
		{FF17A02C-3FE7-4083-99DA-E06F5C19248B}.Debug|Any CPU.ActiveCfg = Debug|Any CPU
		{FF17A02C-3FE7-4083-99DA-E06F5C19248B}.Debug|Any CPU.Build.0 = Debug|Any CPU
		{FF17A02C-3FE7-4083-99DA-E06F5C19248B}.Release|Any CPU.ActiveCfg = Release|Any CPU
		{FF17A02C-3FE7-4083-99DA-E06F5C19248B}.Release|Any CPU.Build.0 = Release|Any CPU
		{E342EF44-2789-490D-92F7-8DC00AF63585}.Debug|Any CPU.ActiveCfg = Debug|Any CPU
		{E342EF44-2789-490D-92F7-8DC00AF63585}.Debug|Any CPU.Build.0 = Debug|Any CPU
		{E342EF44-2789-490D-92F7-8DC00AF63585}.Release|Any CPU.ActiveCfg = Release|Any CPU
		{E342EF44-2789-490D-92F7-8DC00AF63585}.Release|Any CPU.Build.0 = Release|Any CPU
		{6B05DBD2-8EC2-45DB-B6F0-DA13069418B9}.Debug|Any CPU.ActiveCfg = Debug|Any CPU
		{6B05DBD2-8EC2-45DB-B6F0-DA13069418B9}.Debug|Any CPU.Build.0 = Debug|Any CPU
		{6B05DBD2-8EC2-45DB-B6F0-DA13069418B9}.Release|Any CPU.ActiveCfg = Release|Any CPU
		{6B05DBD2-8EC2-45DB-B6F0-DA13069418B9}.Release|Any CPU.Build.0 = Release|Any CPU
	EndGlobalSection
	GlobalSection(SolutionProperties) = preSolution
		HideSolutionNode = FALSE
	EndGlobalSection
	GlobalSection(ExtensibilityGlobals) = postSolution
		SolutionGuid = {400828F2-B25D-4BB0-AFB9-51C425A1AE6C}
	EndGlobalSection
EndGlobal
