
Microsoft Visual Studio Solution File, Format Version 12.00
# Visual Studio Version 16
VisualStudioVersion = 16.0.31112.23
MinimumVisualStudioVersion = 10.0.40219.1
Project("{FAE04EC0-301F-11D3-BF4B-00C04F79EFBC}") = "1SecretChat", "1SecretChat\1SecretChat.csproj", "{7B6D9477-0F68-453B-9BAF-59EF40D163EB}"
EndProject
Project("{FAE04EC0-301F-11D3-BF4B-00C04F79EFBC}") = "2MirrorWords", "2MirrorWords\2MirrorWords.csproj", "{6D8F4499-F448-49FE-910F-6457861082A2}"
EndProject
Project("{FAE04EC0-301F-11D3-BF4B-00C04F79EFBC}") = "3NeedForSpeed", "3NeedForSpeed\3NeedForSpeed.csproj", "{20EBEFA1-A284-4ABE-B9F8-513AB1466514}"
EndProject
Global
	GlobalSection(SolutionConfigurationPlatforms) = preSolution
		Debug|Any CPU = Debug|Any CPU
		Release|Any CPU = Release|Any CPU
	EndGlobalSection
	GlobalSection(ProjectConfigurationPlatforms) = postSolution
		{7B6D9477-0F68-453B-9BAF-59EF40D163EB}.Debug|Any CPU.ActiveCfg = Debug|Any CPU
		{7B6D9477-0F68-453B-9BAF-59EF40D163EB}.Debug|Any CPU.Build.0 = Debug|Any CPU
		{7B6D9477-0F68-453B-9BAF-59EF40D163EB}.Release|Any CPU.ActiveCfg = Release|Any CPU
		{7B6D9477-0F68-453B-9BAF-59EF40D163EB}.Release|Any CPU.Build.0 = Release|Any CPU
		{6D8F4499-F448-49FE-910F-6457861082A2}.Debug|Any CPU.ActiveCfg = Debug|Any CPU
		{6D8F4499-F448-49FE-910F-6457861082A2}.Debug|Any CPU.Build.0 = Debug|Any CPU
		{6D8F4499-F448-49FE-910F-6457861082A2}.Release|Any CPU.ActiveCfg = Release|Any CPU
		{6D8F4499-F448-49FE-910F-6457861082A2}.Release|Any CPU.Build.0 = Release|Any CPU
		{20EBEFA1-A284-4ABE-B9F8-513AB1466514}.Debug|Any CPU.ActiveCfg = Debug|Any CPU
		{20EBEFA1-A284-4ABE-B9F8-513AB1466514}.Debug|Any CPU.Build.0 = Debug|Any CPU
		{20EBEFA1-A284-4ABE-B9F8-513AB1466514}.Release|Any CPU.ActiveCfg = Release|Any CPU
		{20EBEFA1-A284-4ABE-B9F8-513AB1466514}.Release|Any CPU.Build.0 = Release|Any CPU
	EndGlobalSection
	GlobalSection(SolutionProperties) = preSolution
		HideSolutionNode = FALSE
	EndGlobalSection
	GlobalSection(ExtensibilityGlobals) = postSolution
		SolutionGuid = {C0524188-D11F-49F0-8192-82FBFF8D39E0}
	EndGlobalSection
EndGlobal
