
Microsoft Visual Studio Solution File, Format Version 12.00
# Visual Studio Version 16
VisualStudioVersion = 16.0.31410.357
MinimumVisualStudioVersion = 10.0.40219.1
Project("{FAE04EC0-301F-11D3-BF4B-00C04F79EFBC}") = "1FlowerWreaths", "1FlowerWreaths\1FlowerWreaths.csproj", "{6B9EEB94-AFD9-46A6-A613-576361606705}"
EndProject
Project("{FAE04EC0-301F-11D3-BF4B-00C04F79EFBC}") = "2Bee", "2Bee\2Bee.csproj", "{76D561E7-100E-4AD6-AB83-0CD2BF9CF5C0}"
EndProject
Project("{9A19103F-16F7-4668-BE54-9A1E7A4F7556}") = "VetClinic", "VetClinic\VetClinic.csproj", "{79F944B5-BD21-4DCA-AFDC-24E1D1EBB5F9}"
EndProject
Global
	GlobalSection(SolutionConfigurationPlatforms) = preSolution
		Debug|Any CPU = Debug|Any CPU
		Release|Any CPU = Release|Any CPU
	EndGlobalSection
	GlobalSection(ProjectConfigurationPlatforms) = postSolution
		{6B9EEB94-AFD9-46A6-A613-576361606705}.Debug|Any CPU.ActiveCfg = Debug|Any CPU
		{6B9EEB94-AFD9-46A6-A613-576361606705}.Debug|Any CPU.Build.0 = Debug|Any CPU
		{6B9EEB94-AFD9-46A6-A613-576361606705}.Release|Any CPU.ActiveCfg = Release|Any CPU
		{6B9EEB94-AFD9-46A6-A613-576361606705}.Release|Any CPU.Build.0 = Release|Any CPU
		{76D561E7-100E-4AD6-AB83-0CD2BF9CF5C0}.Debug|Any CPU.ActiveCfg = Debug|Any CPU
		{76D561E7-100E-4AD6-AB83-0CD2BF9CF5C0}.Debug|Any CPU.Build.0 = Debug|Any CPU
		{76D561E7-100E-4AD6-AB83-0CD2BF9CF5C0}.Release|Any CPU.ActiveCfg = Release|Any CPU
		{76D561E7-100E-4AD6-AB83-0CD2BF9CF5C0}.Release|Any CPU.Build.0 = Release|Any CPU
		{79F944B5-BD21-4DCA-AFDC-24E1D1EBB5F9}.Debug|Any CPU.ActiveCfg = Debug|Any CPU
		{79F944B5-BD21-4DCA-AFDC-24E1D1EBB5F9}.Debug|Any CPU.Build.0 = Debug|Any CPU
		{79F944B5-BD21-4DCA-AFDC-24E1D1EBB5F9}.Release|Any CPU.ActiveCfg = Release|Any CPU
		{79F944B5-BD21-4DCA-AFDC-24E1D1EBB5F9}.Release|Any CPU.Build.0 = Release|Any CPU
	EndGlobalSection
	GlobalSection(SolutionProperties) = preSolution
		HideSolutionNode = FALSE
	EndGlobalSection
	GlobalSection(ExtensibilityGlobals) = postSolution
		SolutionGuid = {86C047D6-DF71-4A51-B8A9-B414181C9694}
	EndGlobalSection
EndGlobal
