
Microsoft Visual Studio Solution File, Format Version 12.00
# Visual Studio Version 16
VisualStudioVersion = 16.0.31424.327
MinimumVisualStudioVersion = 10.0.40219.1
Project("{FAE04EC0-301F-11D3-BF4B-00C04F79EFBC}") = "Vehicles", "Vehicles\Vehicles.csproj", "{F33BD31A-0435-4055-9EF3-F7FE9D836A13}"
EndProject
Project("{FAE04EC0-301F-11D3-BF4B-00C04F79EFBC}") = "2VehiclesExtension", "2VehiclesExtension\2VehiclesExtension.csproj", "{5DE48A64-BA00-40AE-9899-9DAF2A0B1478}"
EndProject
Project("{FAE04EC0-301F-11D3-BF4B-00C04F79EFBC}") = "3Raiding", "3Raiding\3Raiding.csproj", "{B96F3D4F-ED5B-4F18-BBE0-012BBD99EA50}"
EndProject
Project("{FAE04EC0-301F-11D3-BF4B-00C04F79EFBC}") = "4WildFarm", "4WildFarm\4WildFarm.csproj", "{18457DF7-317A-4075-B01D-A40DDAC1762E}"
EndProject
Global
	GlobalSection(SolutionConfigurationPlatforms) = preSolution
		Debug|Any CPU = Debug|Any CPU
		Release|Any CPU = Release|Any CPU
	EndGlobalSection
	GlobalSection(ProjectConfigurationPlatforms) = postSolution
		{F33BD31A-0435-4055-9EF3-F7FE9D836A13}.Debug|Any CPU.ActiveCfg = Debug|Any CPU
		{F33BD31A-0435-4055-9EF3-F7FE9D836A13}.Debug|Any CPU.Build.0 = Debug|Any CPU
		{F33BD31A-0435-4055-9EF3-F7FE9D836A13}.Release|Any CPU.ActiveCfg = Release|Any CPU
		{F33BD31A-0435-4055-9EF3-F7FE9D836A13}.Release|Any CPU.Build.0 = Release|Any CPU
		{5DE48A64-BA00-40AE-9899-9DAF2A0B1478}.Debug|Any CPU.ActiveCfg = Debug|Any CPU
		{5DE48A64-BA00-40AE-9899-9DAF2A0B1478}.Debug|Any CPU.Build.0 = Debug|Any CPU
		{5DE48A64-BA00-40AE-9899-9DAF2A0B1478}.Release|Any CPU.ActiveCfg = Release|Any CPU
		{5DE48A64-BA00-40AE-9899-9DAF2A0B1478}.Release|Any CPU.Build.0 = Release|Any CPU
		{B96F3D4F-ED5B-4F18-BBE0-012BBD99EA50}.Debug|Any CPU.ActiveCfg = Debug|Any CPU
		{B96F3D4F-ED5B-4F18-BBE0-012BBD99EA50}.Debug|Any CPU.Build.0 = Debug|Any CPU
		{B96F3D4F-ED5B-4F18-BBE0-012BBD99EA50}.Release|Any CPU.ActiveCfg = Release|Any CPU
		{B96F3D4F-ED5B-4F18-BBE0-012BBD99EA50}.Release|Any CPU.Build.0 = Release|Any CPU
		{18457DF7-317A-4075-B01D-A40DDAC1762E}.Debug|Any CPU.ActiveCfg = Debug|Any CPU
		{18457DF7-317A-4075-B01D-A40DDAC1762E}.Debug|Any CPU.Build.0 = Debug|Any CPU
		{18457DF7-317A-4075-B01D-A40DDAC1762E}.Release|Any CPU.ActiveCfg = Release|Any CPU
		{18457DF7-317A-4075-B01D-A40DDAC1762E}.Release|Any CPU.Build.0 = Release|Any CPU
	EndGlobalSection
	GlobalSection(SolutionProperties) = preSolution
		HideSolutionNode = FALSE
	EndGlobalSection
	GlobalSection(ExtensibilityGlobals) = postSolution
		SolutionGuid = {69DD480A-DAD6-435D-97C7-7FD32A1519D1}
	EndGlobalSection
EndGlobal
